
Microsoft Visual Studio Solution File, Format Version 12.00
# Visual Studio Version 16
VisualStudioVersion = 16.0.31424.327
MinimumVisualStudioVersion = 10.0.40219.1
Project("{8BC9CEB8-8B4A-11D0-8D11-00A0C91BC942}") = "cudaMatMul", "cudaMatMul\cudaMatMul.vcxproj", "{4613AE1B-33AE-4353-8614-1FA0BEF37227}"
EndProject
Global
	GlobalSection(SolutionConfigurationPlatforms) = preSolution
		Debug|x64 = Debug|x64
		Release|x64 = Release|x64
	EndGlobalSection
	GlobalSection(ProjectConfigurationPlatforms) = postSolution
		{4613AE1B-33AE-4353-8614-1FA0BEF37227}.Debug|x64.ActiveCfg = Debug|x64
		{4613AE1B-33AE-4353-8614-1FA0BEF37227}.Debug|x64.Build.0 = Debug|x64
		{4613AE1B-33AE-4353-8614-1FA0BEF37227}.Release|x64.ActiveCfg = Release|x64
		{4613AE1B-33AE-4353-8614-1FA0BEF37227}.Release|x64.Build.0 = Release|x64
	EndGlobalSection
	GlobalSection(SolutionProperties) = preSolution
		HideSolutionNode = FALSE
	EndGlobalSection
	GlobalSection(ExtensibilityGlobals) = postSolution
		SolutionGuid = {34359C75-C296-483B-AE5F-28C364E2C46E}
	EndGlobalSection
EndGlobal
